
Microsoft Visual Studio Solution File, Format Version 12.00
# Visual Studio Version 17
VisualStudioVersion = 17.13.35806.99 d17.13
MinimumVisualStudioVersion = 10.0.40219.1
Project("{FAE04EC0-301F-11D3-BF4B-00C04F79EFBC}") = "Whisper Command", "Whisper Command.csproj", "{2E19D516-426A-410F-93FF-E5AD967348BE}"
EndProject
Global
	GlobalSection(SolutionConfigurationPlatforms) = preSolution
		Debug|Any CPU = Debug|Any CPU
		Release|Any CPU = Release|Any CPU
	EndGlobalSection
	GlobalSection(ProjectConfigurationPlatforms) = postSolution
		{2E19D516-426A-410F-93FF-E5AD967348BE}.Debug|Any CPU.ActiveCfg = Debug|Any CPU
		{2E19D516-426A-410F-93FF-E5AD967348BE}.Debug|Any CPU.Build.0 = Debug|Any CPU
		{2E19D516-426A-410F-93FF-E5AD967348BE}.Release|Any CPU.ActiveCfg = Release|Any CPU
		{2E19D516-426A-410F-93FF-E5AD967348BE}.Release|Any CPU.Build.0 = Release|Any CPU
	EndGlobalSection
	GlobalSection(SolutionProperties) = preSolution
		HideSolutionNode = FALSE
	EndGlobalSection
	GlobalSection(ExtensibilityGlobals) = postSolution
		SolutionGuid = {A51A144C-FEAF-46C8-B143-F81B38B2232E}
	EndGlobalSection
EndGlobal
